
Microsoft Visual Studio Solution File, Format Version 12.00
# Visual Studio Version 17
VisualStudioVersion = 17.11.35327.3
MinimumVisualStudioVersion = 10.0.40219.1
Project("{FAE04EC0-301F-11D3-BF4B-00C04F79EFBC}") = "TranslateLibrary", "TranslateLibrary\TranslateLibrary.csproj", "{380E0A72-B09D-442A-A375-A4DC0BBDB05E}"
EndProject
Project("{FAE04EC0-301F-11D3-BF4B-00C04F79EFBC}") = "TestTranslate", "TestTranslate\TestTranslate.csproj", "{966EA6B5-7945-4C00-A1C6-F702D2C704E9}"
EndProject
Project("{FAE04EC0-301F-11D3-BF4B-00C04F79EFBC}") = "TranslateView", "TranslateView\TranslateView.csproj", "{D9571DB3-C62B-48BF-A2E2-ED5CF21BF69D}"
EndProject
Global
	GlobalSection(SolutionConfigurationPlatforms) = preSolution
		Debug|Any CPU = Debug|Any CPU
		Release|Any CPU = Release|Any CPU
	EndGlobalSection
	GlobalSection(ProjectConfigurationPlatforms) = postSolution
		{380E0A72-B09D-442A-A375-A4DC0BBDB05E}.Debug|Any CPU.ActiveCfg = Debug|Any CPU
		{380E0A72-B09D-442A-A375-A4DC0BBDB05E}.Debug|Any CPU.Build.0 = Debug|Any CPU
		{380E0A72-B09D-442A-A375-A4DC0BBDB05E}.Release|Any CPU.ActiveCfg = Release|Any CPU
		{380E0A72-B09D-442A-A375-A4DC0BBDB05E}.Release|Any CPU.Build.0 = Release|Any CPU
		{966EA6B5-7945-4C00-A1C6-F702D2C704E9}.Debug|Any CPU.ActiveCfg = Debug|Any CPU
		{966EA6B5-7945-4C00-A1C6-F702D2C704E9}.Debug|Any CPU.Build.0 = Debug|Any CPU
		{966EA6B5-7945-4C00-A1C6-F702D2C704E9}.Release|Any CPU.ActiveCfg = Release|Any CPU
		{966EA6B5-7945-4C00-A1C6-F702D2C704E9}.Release|Any CPU.Build.0 = Release|Any CPU
		{D9571DB3-C62B-48BF-A2E2-ED5CF21BF69D}.Debug|Any CPU.ActiveCfg = Debug|Any CPU
		{D9571DB3-C62B-48BF-A2E2-ED5CF21BF69D}.Debug|Any CPU.Build.0 = Debug|Any CPU
		{D9571DB3-C62B-48BF-A2E2-ED5CF21BF69D}.Release|Any CPU.ActiveCfg = Release|Any CPU
		{D9571DB3-C62B-48BF-A2E2-ED5CF21BF69D}.Release|Any CPU.Build.0 = Release|Any CPU
	EndGlobalSection
	GlobalSection(SolutionProperties) = preSolution
		HideSolutionNode = FALSE
	EndGlobalSection
	GlobalSection(ExtensibilityGlobals) = postSolution
		SolutionGuid = {F1192621-1921-4C9E-87F8-1818472BD8D7}
	EndGlobalSection
EndGlobal
